// !$*UTF8*$!
{
	archiveVersion = 1;
	classes = {
	};
	objectVersion = 50;
	objects = {

/* Begin PBXBuildFile section */
		053ACAD621DCF6870099A871 /* AppDelegate.swift in Sources */ = {isa = PBXBuildFile; fileRef = 053ACAD521DCF6870099A871 /* AppDelegate.swift */; };
		053ACAD821DCF6870099A871 /* ViewController.swift in Sources */ = {isa = PBXBuildFile; fileRef = 053ACAD721DCF6870099A871 /* ViewController.swift */; };
		053ACADB21DCF6870099A871 /* Main.storyboard in Resources */ = {isa = PBXBuildFile; fileRef = 053ACAD921DCF6870099A871 /* Main.storyboard */; };
		053ACADD21DCF68A0099A871 /* Assets.xcassets in Resources */ = {isa = PBXBuildFile; fileRef = 053ACADC21DCF68A0099A871 /* Assets.xcassets */; };
		053ACAE021DCF68A0099A871 /* LaunchScreen.storyboard in Resources */ = {isa = PBXBuildFile; fileRef = 053ACADE21DCF68A0099A871 /* LaunchScreen.storyboard */; };
		053ACAEB21DCF68A0099A871 /* study001_______________________Tests.swift in Sources */ = {isa = PBXBuildFile; fileRef = 053ACAEA21DCF68A0099A871 /* study001_______________________Tests.swift */; };
		053ACAF621DCF68A0099A871 /* study001_______________________UITests.swift in Sources */ = {isa = PBXBuildFile; fileRef = 053ACAF521DCF68A0099A871 /* study001_______________________UITests.swift */; };
		053ACB0621DCF8CB0099A871 /* CustomNaviBar.swift in Sources */ = {isa = PBXBuildFile; fileRef = 053ACB0521DCF8CB0099A871 /* CustomNaviBar.swift */; };
		053ACB0821DD00FB0099A871 /* SecondViewController.swift in Sources */ = {isa = PBXBuildFile; fileRef = 053ACB0721DD00FB0099A871 /* SecondViewController.swift */; };
/* End PBXBuildFile section */

/* Begin PBXContainerItemProxy section */
		053ACAE721DCF68A0099A871 /* PBXContainerItemProxy */ = {
			isa = PBXContainerItemProxy;
			containerPortal = 053ACACA21DCF6860099A871 /* Project object */;
			proxyType = 1;
			remoteGlobalIDString = 053ACAD121DCF6870099A871;
			remoteInfo = "study001-导航栏背景随滑动渐变，往上缩小，往下放大效果";
		};
		053ACAF221DCF68A0099A871 /* PBXContainerItemProxy */ = {
			isa = PBXContainerItemProxy;
			containerPortal = 053ACACA21DCF6860099A871 /* Project object */;
			proxyType = 1;
			remoteGlobalIDString = 053ACAD121DCF6870099A871;
			remoteInfo = "study001-导航栏背景随滑动渐变，往上缩小，往下放大效果";
		};
/* End PBXContainerItemProxy section */

/* Begin PBXFileReference section */
		053ACAD221DCF6870099A871 /* study001-导航栏背景随滑动渐变，往上缩小，往下放大效果.app */ = {isa = PBXFileReference; explicitFileType = wrapper.application; includeInIndex = 0; path = "study001-导航栏背景随滑动渐变，往上缩小，往下放大效果.app"; sourceTree = BUILT_PRODUCTS_DIR; };
		053ACAD521DCF6870099A871 /* AppDelegate.swift */ = {isa = PBXFileReference; lastKnownFileType = sourcecode.swift; path = AppDelegate.swift; sourceTree = "<group>"; };
		053ACAD721DCF6870099A871 /* ViewController.swift */ = {isa = PBXFileReference; lastKnownFileType = sourcecode.swift; path = ViewController.swift; sourceTree = "<group>"; };
		053ACADA21DCF6870099A871 /* Base */ = {isa = PBXFileReference; lastKnownFileType = file.storyboard; name = Base; path = Base.lproj/Main.storyboard; sourceTree = "<group>"; };
		053ACADC21DCF68A0099A871 /* Assets.xcassets */ = {isa = PBXFileReference; lastKnownFileType = folder.assetcatalog; path = Assets.xcassets; sourceTree = "<group>"; };
		053ACADF21DCF68A0099A871 /* Base */ = {isa = PBXFileReference; lastKnownFileType = file.storyboard; name = Base; path = Base.lproj/LaunchScreen.storyboard; sourceTree = "<group>"; };
		053ACAE121DCF68A0099A871 /* Info.plist */ = {isa = PBXFileReference; lastKnownFileType = text.plist.xml; path = Info.plist; sourceTree = "<group>"; };
		053ACAE621DCF68A0099A871 /* study001-导航栏背景随滑动渐变，往上缩小，往下放大效果Tests.xctest */ = {isa = PBXFileReference; explicitFileType = wrapper.cfbundle; includeInIndex = 0; path = "study001-导航栏背景随滑动渐变，往上缩小，往下放大效果Tests.xctest"; sourceTree = BUILT_PRODUCTS_DIR; };
		053ACAEA21DCF68A0099A871 /* study001_______________________Tests.swift */ = {isa = PBXFileReference; lastKnownFileType = sourcecode.swift; path = "study001_______________________Tests.swift"; sourceTree = "<group>"; };
		053ACAEC21DCF68A0099A871 /* Info.plist */ = {isa = PBXFileReference; lastKnownFileType = text.plist.xml; path = Info.plist; sourceTree = "<group>"; };
		053ACAF121DCF68A0099A871 /* study001-导航栏背景随滑动渐变，往上缩小，往下放大效果UITests.xctest */ = {isa = PBXFileReference; explicitFileType = wrapper.cfbundle; includeInIndex = 0; path = "study001-导航栏背景随滑动渐变，往上缩小，往下放大效果UITests.xctest"; sourceTree = BUILT_PRODUCTS_DIR; };
		053ACAF521DCF68A0099A871 /* study001_______________________UITests.swift */ = {isa = PBXFileReference; lastKnownFileType = sourcecode.swift; path = "study001_______________________UITests.swift"; sourceTree = "<group>"; };
		053ACAF721DCF68A0099A871 /* Info.plist */ = {isa = PBXFileReference; lastKnownFileType = text.plist.xml; path = Info.plist; sourceTree = "<group>"; };
		053ACB0521DCF8CB0099A871 /* CustomNaviBar.swift */ = {isa = PBXFileReference; lastKnownFileType = sourcecode.swift; path = CustomNaviBar.swift; sourceTree = "<group>"; };
		053ACB0721DD00FB0099A871 /* SecondViewController.swift */ = {isa = PBXFileReference; lastKnownFileType = sourcecode.swift; path = SecondViewController.swift; sourceTree = "<group>"; };
/* End PBXFileReference section */

/* Begin PBXFrameworksBuildPhase section */
		053ACACF21DCF6870099A871 /* Frameworks */ = {
			isa = PBXFrameworksBuildPhase;
			buildActionMask = 2147483647;
			files = (
			);
			runOnlyForDeploymentPostprocessing = 0;
		};
		053ACAE321DCF68A0099A871 /* Frameworks */ = {
			isa = PBXFrameworksBuildPhase;
			buildActionMask = 2147483647;
			files = (
			);
			runOnlyForDeploymentPostprocessing = 0;
		};
		053ACAEE21DCF68A0099A871 /* Frameworks */ = {
			isa = PBXFrameworksBuildPhase;
			buildActionMask = 2147483647;
			files = (
			);
			runOnlyForDeploymentPostprocessing = 0;
		};
/* End PBXFrameworksBuildPhase section */

/* Begin PBXGroup section */
		053ACAC921DCF6860099A871 = {
			isa = PBXGroup;
			children = (
				053ACAD421DCF6870099A871 /* study001-导航栏背景随滑动渐变，往上缩小，往下放大效果 */,
				053ACAE921DCF68A0099A871 /* study001-导航栏背景随滑动渐变，往上缩小，往下放大效果Tests */,
				053ACAF421DCF68A0099A871 /* study001-导航栏背景随滑动渐变，往上缩小，往下放大效果UITests */,
				053ACAD321DCF6870099A871 /* Products */,
			);
			sourceTree = "<group>";
		};
		053ACAD321DCF6870099A871 /* Products */ = {
			isa = PBXGroup;
			children = (
				053ACAD221DCF6870099A871 /* study001-导航栏背景随滑动渐变，往上缩小，往下放大效果.app */,
				053ACAE621DCF68A0099A871 /* study001-导航栏背景随滑动渐变，往上缩小，往下放大效果Tests.xctest */,
				053ACAF121DCF68A0099A871 /* study001-导航栏背景随滑动渐变，往上缩小，往下放大效果UITests.xctest */,
			);
			name = Products;
			sourceTree = "<group>";
		};
		053ACAD421DCF6870099A871 /* study001-导航栏背景随滑动渐变，往上缩小，往下放大效果 */ = {
			isa = PBXGroup;
			children = (
				053ACAD521DCF6870099A871 /* AppDelegate.swift */,
				053ACAD721DCF6870099A871 /* ViewController.swift */,
				053ACB0721DD00FB0099A871 /* SecondViewController.swift */,
				053ACB0521DCF8CB0099A871 /* CustomNaviBar.swift */,
				053ACAD921DCF6870099A871 /* Main.storyboard */,
				053ACADC21DCF68A0099A871 /* Assets.xcassets */,
				053ACADE21DCF68A0099A871 /* LaunchScreen.storyboard */,
				053ACAE121DCF68A0099A871 /* Info.plist */,
			);
			path = "study001-导航栏背景随滑动渐变，往上缩小，往下放大效果";
			sourceTree = "<group>";
		};
		053ACAE921DCF68A0099A871 /* study001-导航栏背景随滑动渐变，往上缩小，往下放大效果Tests */ = {
			isa = PBXGroup;
			children = (
				053ACAEA21DCF68A0099A871 /* study001_______________________Tests.swift */,
				053ACAEC21DCF68A0099A871 /* Info.plist */,
			);
			path = "study001-导航栏背景随滑动渐变，往上缩小，往下放大效果Tests";
			sourceTree = "<group>";
		};
		053ACAF421DCF68A0099A871 /* study001-导航栏背景随滑动渐变，往上缩小，往下放大效果UITests */ = {
			isa = PBXGroup;
			children = (
				053ACAF521DCF68A0099A871 /* study001_______________________UITests.swift */,
				053ACAF721DCF68A0099A871 /* Info.plist */,
			);
			path = "study001-导航栏背景随滑动渐变，往上缩小，往下放大效果UITests";
			sourceTree = "<group>";
		};
/* End PBXGroup section */

/* Begin PBXNativeTarget section */
		053ACAD121DCF6870099A871 /* study001-导航栏背景随滑动渐变，往上缩小，往下放大效果 */ = {
			isa = PBXNativeTarget;
			buildConfigurationList = 053ACAFA21DCF68A0099A871 /* Build configuration list for PBXNativeTarget "study001-导航栏背景随滑动渐变，往上缩小，往下放大效果" */;
			buildPhases = (
				053ACACE21DCF6870099A871 /* Sources */,
				053ACACF21DCF6870099A871 /* Frameworks */,
				053ACAD021DCF6870099A871 /* Resources */,
			);
			buildRules = (
			);
			dependencies = (
			);
			name = "study001-导航栏背景随滑动渐变，往上缩小，往下放大效果";
			productName = "study001-导航栏背景随滑动渐变，往上缩小，往下放大效果";
			productReference = 053ACAD221DCF6870099A871 /* study001-导航栏背景随滑动渐变，往上缩小，往下放大效果.app */;
			productType = "com.apple.product-type.application";
		};
		053ACAE521DCF68A0099A871 /* study001-导航栏背景随滑动渐变，往上缩小，往下放大效果Tests */ = {
			isa = PBXNativeTarget;
			buildConfigurationList = 053ACAFD21DCF68A0099A871 /* Build configuration list for PBXNativeTarget "study001-导航栏背景随滑动渐变，往上缩小，往下放大效果Tests" */;
			buildPhases = (
				053ACAE221DCF68A0099A871 /* Sources */,
				053ACAE321DCF68A0099A871 /* Frameworks */,
				053ACAE421DCF68A0099A871 /* Resources */,
			);
			buildRules = (
			);
			dependencies = (
				053ACAE821DCF68A0099A871 /* PBXTargetDependency */,
			);
			name = "study001-导航栏背景随滑动渐变，往上缩小，往下放大效果Tests";
			productName = "study001-导航栏背景随滑动渐变，往上缩小，往下放大效果Tests";
			productReference = 053ACAE621DCF68A0099A871 /* study001-导航栏背景随滑动渐变，往上缩小，往下放大效果Tests.xctest */;
			productType = "com.apple.product-type.bundle.unit-test";
		};
		053ACAF021DCF68A0099A871 /* study001-导航栏背景随滑动渐变，往上缩小，往下放大效果UITests */ = {
			isa = PBXNativeTarget;
			buildConfigurationList = 053ACB0021DCF68A0099A871 /* Build configuration list for PBXNativeTarget "study001-导航栏背景随滑动渐变，往上缩小，往下放大效果UITests" */;
			buildPhases = (
				053ACAED21DCF68A0099A871 /* Sources */,
				053ACAEE21DCF68A0099A871 /* Frameworks */,
				053ACAEF21DCF68A0099A871 /* Resources */,
			);
			buildRules = (
			);
			dependencies = (
				053ACAF321DCF68A0099A871 /* PBXTargetDependency */,
			);
			name = "study001-导航栏背景随滑动渐变，往上缩小，往下放大效果UITests";
			productName = "study001-导航栏背景随滑动渐变，往上缩小，往下放大效果UITests";
			productReference = 053ACAF121DCF68A0099A871 /* study001-导航栏背景随滑动渐变，往上缩小，往下放大效果UITests.xctest */;
			productType = "com.apple.product-type.bundle.ui-testing";
		};
/* End PBXNativeTarget section */

/* Begin PBXProject section */
		053ACACA21DCF6860099A871 /* Project object */ = {
			isa = PBXProject;
			attributes = {
				LastSwiftUpdateCheck = 1010;
				LastUpgradeCheck = 1010;
				ORGANIZATIONNAME = "陈嘉琳";
				TargetAttributes = {
					053ACAD121DCF6870099A871 = {
						CreatedOnToolsVersion = 10.1;
					};
					053ACAE521DCF68A0099A871 = {
						CreatedOnToolsVersion = 10.1;
						TestTargetID = 053ACAD121DCF6870099A871;
					};
					053ACAF021DCF68A0099A871 = {
						CreatedOnToolsVersion = 10.1;
						TestTargetID = 053ACAD121DCF6870099A871;
					};
				};
			};
			buildConfigurationList = 053ACACD21DCF6860099A871 /* Build configuration list for PBXProject "study001-导航栏背景随滑动渐变，往上缩小，往下放大效果" */;
			compatibilityVersion = "Xcode 9.3";
			developmentRegion = en;
			hasScannedForEncodings = 0;
			knownRegions = (
				en,
				Base,
			);
			mainGroup = 053ACAC921DCF6860099A871;
			productRefGroup = 053ACAD321DCF6870099A871 /* Products */;
			projectDirPath = "";
			projectRoot = "";
			targets = (
				053ACAD121DCF6870099A871 /* study001-导航栏背景随滑动渐变，往上缩小，往下放大效果 */,
				053ACAE521DCF68A0099A871 /* study001-导航栏背景随滑动渐变，往上缩小，往下放大效果Tests */,
				053ACAF021DCF68A0099A871 /* study001-导航栏背景随滑动渐变，往上缩小，往下放大效果UITests */,
			);
		};
/* End PBXProject section */

/* Begin PBXResourcesBuildPhase section */
		053ACAD021DCF6870099A871 /* Resources */ = {
			isa = PBXResourcesBuildPhase;
			buildActionMask = 2147483647;
			files = (
				053ACAE021DCF68A0099A871 /* LaunchScreen.storyboard in Resources */,
				053ACADD21DCF68A0099A871 /* Assets.xcassets in Resources */,
				053ACADB21DCF6870099A871 /* Main.storyboard in Resources */,
			);
			runOnlyForDeploymentPostprocessing = 0;
		};
		053ACAE421DCF68A0099A871 /* Resources */ = {
			isa = PBXResourcesBuildPhase;
			buildActionMask = 2147483647;
			files = (
			);
			runOnlyForDeploymentPostprocessing = 0;
		};
		053ACAEF21DCF68A0099A871 /* Resources */ = {
			isa = PBXResourcesBuildPhase;
			buildActionMask = 2147483647;
			files = (
			);
			runOnlyForDeploymentPostprocessing = 0;
		};
/* End PBXResourcesBuildPhase section */

/* Begin PBXSourcesBuildPhase section */
		053ACACE21DCF6870099A871 /* Sources */ = {
			isa = PBXSourcesBuildPhase;
			buildActionMask = 2147483647;
			files = (
				053ACB0621DCF8CB0099A871 /* CustomNaviBar.swift in Sources */,
				053ACAD821DCF6870099A871 /* ViewController.swift in Sources */,
				053ACB0821DD00FB0099A871 /* SecondViewController.swift in Sources */,
				053ACAD621DCF6870099A871 /* AppDelegate.swift in Sources */,
			);
			runOnlyForDeploymentPostprocessing = 0;
		};
		053ACAE221DCF68A0099A871 /* Sources */ = {
			isa = PBXSourcesBuildPhase;
			buildActionMask = 2147483647;
			files = (
				053ACAEB21DCF68A0099A871 /* study001_______________________Tests.swift in Sources */,
			);
			runOnlyForDeploymentPostprocessing = 0;
		};
		053ACAED21DCF68A0099A871 /* Sources */ = {
			isa = PBXSourcesBuildPhase;
			buildActionMask = 2147483647;
			files = (
				053ACAF621DCF68A0099A871 /* study001_______________________UITests.swift in Sources */,
			);
			runOnlyForDeploymentPostprocessing = 0;
		};
/* End PBXSourcesBuildPhase section */

/* Begin PBXTargetDependency section */
		053ACAE821DCF68A0099A871 /* PBXTargetDependency */ = {
			isa = PBXTargetDependency;
			target = 053ACAD121DCF6870099A871 /* study001-导航栏背景随滑动渐变，往上缩小，往下放大效果 */;
			targetProxy = 053ACAE721DCF68A0099A871 /* PBXContainerItemProxy */;
		};
		053ACAF321DCF68A0099A871 /* PBXTargetDependency */ = {
			isa = PBXTargetDependency;
			target = 053ACAD121DCF6870099A871 /* study001-导航栏背景随滑动渐变，往上缩小，往下放大效果 */;
			targetProxy = 053ACAF221DCF68A0099A871 /* PBXContainerItemProxy */;
		};
/* End PBXTargetDependency section */

/* Begin PBXVariantGroup section */
		053ACAD921DCF6870099A871 /* Main.storyboard */ = {
			isa = PBXVariantGroup;
			children = (
				053ACADA21DCF6870099A871 /* Base */,
			);
			name = Main.storyboard;
			sourceTree = "<group>";
		};
		053ACADE21DCF68A0099A871 /* LaunchScreen.storyboard */ = {
			isa = PBXVariantGroup;
			children = (
				053ACADF21DCF68A0099A871 /* Base */,
			);
			name = LaunchScreen.storyboard;
			sourceTree = "<group>";
		};
/* End PBXVariantGroup section */

/* Begin XCBuildConfiguration section */
		053ACAF821DCF68A0099A871 /* Debug */ = {
			isa = XCBuildConfiguration;
			buildSettings = {
				ALWAYS_SEARCH_USER_PATHS = NO;
				CLANG_ANALYZER_NONNULL = YES;
				CLANG_ANALYZER_NUMBER_OBJECT_CONVERSION = YES_AGGRESSIVE;
				CLANG_CXX_LANGUAGE_STANDARD = "gnu++14";
				CLANG_CXX_LIBRARY = "libc++";
				CLANG_ENABLE_MODULES = YES;
				CLANG_ENABLE_OBJC_ARC = YES;
				CLANG_ENABLE_OBJC_WEAK = YES;
				CLANG_WARN_BLOCK_CAPTURE_AUTORELEASING = YES;
				CLANG_WARN_BOOL_CONVERSION = YES;
				CLANG_WARN_COMMA = YES;
				CLANG_WARN_CONSTANT_CONVERSION = YES;
				CLANG_WARN_DEPRECATED_OBJC_IMPLEMENTATIONS = YES;
				CLANG_WARN_DIRECT_OBJC_ISA_USAGE = YES_ERROR;
				CLANG_WARN_DOCUMENTATION_COMMENTS = YES;
				CLANG_WARN_EMPTY_BODY = YES;
				CLANG_WARN_ENUM_CONVERSION = YES;
				CLANG_WARN_INFINITE_RECURSION = YES;
				CLANG_WARN_INT_CONVERSION = YES;
				CLANG_WARN_NON_LITERAL_NULL_CONVERSION = YES;
				CLANG_WARN_OBJC_IMPLICIT_RETAIN_SELF = YES;
				CLANG_WARN_OBJC_LITERAL_CONVERSION = YES;
				CLANG_WARN_OBJC_ROOT_CLASS = YES_ERROR;
				CLANG_WARN_RANGE_LOOP_ANALYSIS = YES;
				CLANG_WARN_STRICT_PROTOTYPES = YES;
				CLANG_WARN_SUSPICIOUS_MOVE = YES;
				CLANG_WARN_UNGUARDED_AVAILABILITY = YES_AGGRESSIVE;
				CLANG_WARN_UNREACHABLE_CODE = YES;
				CLANG_WARN__DUPLICATE_METHOD_MATCH = YES;
				CODE_SIGN_IDENTITY = "iPhone Developer";
				COPY_PHASE_STRIP = NO;
				DEBUG_INFORMATION_FORMAT = dwarf;
				ENABLE_STRICT_OBJC_MSGSEND = YES;
				ENABLE_TESTABILITY = YES;
				GCC_C_LANGUAGE_STANDARD = gnu11;
				GCC_DYNAMIC_NO_PIC = NO;
				GCC_NO_COMMON_BLOCKS = YES;
				GCC_OPTIMIZATION_LEVEL = 0;
				GCC_PREPROCESSOR_DEFINITIONS = (
					"DEBUG=1",
					"$(inherited)",
				);
				GCC_WARN_64_TO_32_BIT_CONVERSION = YES;
				GCC_WARN_ABOUT_RETURN_TYPE = YES_ERROR;
				GCC_WARN_UNDECLARED_SELECTOR = YES;
				GCC_WARN_UNINITIALIZED_AUTOS = YES_AGGRESSIVE;
				GCC_WARN_UNUSED_FUNCTION = YES;
				GCC_WARN_UNUSED_VARIABLE = YES;
				IPHONEOS_DEPLOYMENT_TARGET = 12.1;
				MTL_ENABLE_DEBUG_INFO = INCLUDE_SOURCE;
				MTL_FAST_MATH = YES;
				ONLY_ACTIVE_ARCH = YES;
				SDKROOT = iphoneos;
				SWIFT_ACTIVE_COMPILATION_CONDITIONS = DEBUG;
				SWIFT_OPTIMIZATION_LEVEL = "-Onone";
			};
			name = Debug;
		};
		053ACAF921DCF68A0099A871 /* Release */ = {
			isa = XCBuildConfiguration;
			buildSettings = {
				ALWAYS_SEARCH_USER_PATHS = NO;
				CLANG_ANALYZER_NONNULL = YES;
				CLANG_ANALYZER_NUMBER_OBJECT_CONVERSION = YES_AGGRESSIVE;
				CLANG_CXX_LANGUAGE_STANDARD = "gnu++14";
				CLANG_CXX_LIBRARY = "libc++";
				CLANG_ENABLE_MODULES = YES;
				CLANG_ENABLE_OBJC_ARC = YES;
				CLANG_ENABLE_OBJC_WEAK = YES;
				CLANG_WARN_BLOCK_CAPTURE_AUTORELEASING = YES;
				CLANG_WARN_BOOL_CONVERSION = YES;
				CLANG_WARN_COMMA = YES;
				CLANG_WARN_CONSTANT_CONVERSION = YES;
				CLANG_WARN_DEPRECATED_OBJC_IMPLEMENTATIONS = YES;
				CLANG_WARN_DIRECT_OBJC_ISA_USAGE = YES_ERROR;
				CLANG_WARN_DOCUMENTATION_COMMENTS = YES;
				CLANG_WARN_EMPTY_BODY = YES;
				CLANG_WARN_ENUM_CONVERSION = YES;
				CLANG_WARN_INFINITE_RECURSION = YES;
				CLANG_WARN_INT_CONVERSION = YES;
				CLANG_WARN_NON_LITERAL_NULL_CONVERSION = YES;
				CLANG_WARN_OBJC_IMPLICIT_RETAIN_SELF = YES;
				CLANG_WARN_OBJC_LITERAL_CONVERSION = YES;
				CLANG_WARN_OBJC_ROOT_CLASS = YES_ERROR;
				CLANG_WARN_RANGE_LOOP_ANALYSIS = YES;
				CLANG_WARN_STRICT_PROTOTYPES = YES;
				CLANG_WARN_SUSPICIOUS_MOVE = YES;
				CLANG_WARN_UNGUARDED_AVAILABILITY = YES_AGGRESSIVE;
				CLANG_WARN_UNREACHABLE_CODE = YES;
				CLANG_WARN__DUPLICATE_METHOD_MATCH = YES;
				CODE_SIGN_IDENTITY = "iPhone Developer";
				COPY_PHASE_STRIP = NO;
				DEBUG_INFORMATION_FORMAT = "dwarf-with-dsym";
				ENABLE_NS_ASSERTIONS = NO;
				ENABLE_STRICT_OBJC_MSGSEND = YES;
				GCC_C_LANGUAGE_STANDARD = gnu11;
				GCC_NO_COMMON_BLOCKS = YES;
				GCC_WARN_64_TO_32_BIT_CONVERSION = YES;
				GCC_WARN_ABOUT_RETURN_TYPE = YES_ERROR;
				GCC_WARN_UNDECLARED_SELECTOR = YES;
				GCC_WARN_UNINITIALIZED_AUTOS = YES_AGGRESSIVE;
				GCC_WARN_UNUSED_FUNCTION = YES;
				GCC_WARN_UNUSED_VARIABLE = YES;
				IPHONEOS_DEPLOYMENT_TARGET = 12.1;
				MTL_ENABLE_DEBUG_INFO = NO;
				MTL_FAST_MATH = YES;
				SDKROOT = iphoneos;
				SWIFT_COMPILATION_MODE = wholemodule;
				SWIFT_OPTIMIZATION_LEVEL = "-O";
				VALIDATE_PRODUCT = YES;
			};
			name = Release;
		};
		053ACAFB21DCF68A0099A871 /* Debug */ = {
			isa = XCBuildConfiguration;
			buildSettings = {
				ASSETCATALOG_COMPILER_APPICON_NAME = AppIcon;
				CODE_SIGN_STYLE = Automatic;
				INFOPLIST_FILE = "study001-导航栏背景随滑动渐变，往上缩小，往下放大效果/Info.plist";
				LD_RUNPATH_SEARCH_PATHS = (
					"$(inherited)",
					"@executable_path/Frameworks",
				);
				PRODUCT_BUNDLE_IDENTIFIER = ebupt.com.study001;
				PRODUCT_NAME = "$(TARGET_NAME)";
				SWIFT_VERSION = 4.2;
				TARGETED_DEVICE_FAMILY = "1,2";
			};
			name = Debug;
		};
		053ACAFC21DCF68A0099A871 /* Release */ = {
			isa = XCBuildConfiguration;
			buildSettings = {
				ASSETCATALOG_COMPILER_APPICON_NAME = AppIcon;
				CODE_SIGN_STYLE = Automatic;
				INFOPLIST_FILE = "study001-导航栏背景随滑动渐变，往上缩小，往下放大效果/Info.plist";
				LD_RUNPATH_SEARCH_PATHS = (
					"$(inherited)",
					"@executable_path/Frameworks",
				);
				PRODUCT_BUNDLE_IDENTIFIER = ebupt.com.study001;
				PRODUCT_NAME = "$(TARGET_NAME)";
				SWIFT_VERSION = 4.2;
				TARGETED_DEVICE_FAMILY = "1,2";
			};
			name = Release;
		};
		053ACAFE21DCF68A0099A871 /* Debug */ = {
			isa = XCBuildConfiguration;
			buildSettings = {
				ALWAYS_EMBED_SWIFT_STANDARD_LIBRARIES = YES;
				BUNDLE_LOADER = "$(TEST_HOST)";
				CODE_SIGN_STYLE = Automatic;
				INFOPLIST_FILE = "study001-导航栏背景随滑动渐变，往上缩小，往下放大效果Tests/Info.plist";
				LD_RUNPATH_SEARCH_PATHS = (
					"$(inherited)",
					"@executable_path/Frameworks",
					"@loader_path/Frameworks",
				);
				PRODUCT_BUNDLE_IDENTIFIER = "ebupt.com.study001-----------------------Tests";
				PRODUCT_NAME = "$(TARGET_NAME)";
				SWIFT_VERSION = 4.2;
				TARGETED_DEVICE_FAMILY = "1,2";
				TEST_HOST = "$(BUILT_PRODUCTS_DIR)/study001-导航栏背景随滑动渐变，往上缩小，往下放大效果.app/study001-导航栏背景随滑动渐变，往上缩小，往下放大效果";
			};
			name = Debug;
		};
		053ACAFF21DCF68A0099A871 /* Release */ = {
			isa = XCBuildConfiguration;
			buildSettings = {
				ALWAYS_EMBED_SWIFT_STANDARD_LIBRARIES = YES;
				BUNDLE_LOADER = "$(TEST_HOST)";
				CODE_SIGN_STYLE = Automatic;
				INFOPLIST_FILE = "study001-导航栏背景随滑动渐变，往上缩小，往下放大效果Tests/Info.plist";
				LD_RUNPATH_SEARCH_PATHS = (
					"$(inherited)",
					"@executable_path/Frameworks",
					"@loader_path/Frameworks",
				);
				PRODUCT_BUNDLE_IDENTIFIER = "ebupt.com.study001-----------------------Tests";
				PRODUCT_NAME = "$(TARGET_NAME)";
				SWIFT_VERSION = 4.2;
				TARGETED_DEVICE_FAMILY = "1,2";
				TEST_HOST = "$(BUILT_PRODUCTS_DIR)/study001-导航栏背景随滑动渐变，往上缩小，往下放大效果.app/study001-导航栏背景随滑动渐变，往上缩小，往下放大效果";
			};
			name = Release;
		};
		053ACB0121DCF68A0099A871 /* Debug */ = {
			isa = XCBuildConfiguration;
			buildSettings = {
				ALWAYS_EMBED_SWIFT_STANDARD_LIBRARIES = YES;
				CODE_SIGN_STYLE = Automatic;
				INFOPLIST_FILE = "study001-导航栏背景随滑动渐变，往上缩小，往下放大效果UITests/Info.plist";
				LD_RUNPATH_SEARCH_PATHS = (
					"$(inherited)",
					"@executable_path/Frameworks",
					"@loader_path/Frameworks",
				);
				PRODUCT_BUNDLE_IDENTIFIER = "ebupt.com.study001-----------------------UITests";
				PRODUCT_NAME = "$(TARGET_NAME)";
				SWIFT_VERSION = 4.2;
				TARGETED_DEVICE_FAMILY = "1,2";
				TEST_TARGET_NAME = "study001-导航栏背景随滑动渐变，往上缩小，往下放大效果";
			};
			name = Debug;
		};
		053ACB0221DCF68A0099A871 /* Release */ = {
			isa = XCBuildConfiguration;
			buildSettings = {
				ALWAYS_EMBED_SWIFT_STANDARD_LIBRARIES = YES;
				CODE_SIGN_STYLE = Automatic;
				INFOPLIST_FILE = "study001-导航栏背景随滑动渐变，往上缩小，往下放大效果UITests/Info.plist";
				LD_RUNPATH_SEARCH_PATHS = (
					"$(inherited)",
					"@executable_path/Frameworks",
					"@loader_path/Frameworks",
				);
				PRODUCT_BUNDLE_IDENTIFIER = "ebupt.com.study001-----------------------UITests";
				PRODUCT_NAME = "$(TARGET_NAME)";
				SWIFT_VERSION = 4.2;
				TARGETED_DEVICE_FAMILY = "1,2";
				TEST_TARGET_NAME = "study001-导航栏背景随滑动渐变，往上缩小，往下放大效果";
			};
			name = Release;
		};
/* End XCBuildConfiguration section */

/* Begin XCConfigurationList section */
		053ACACD21DCF6860099A871 /* Build configuration list for PBXProject "study001-导航栏背景随滑动渐变，往上缩小，往下放大效果" */ = {
			isa = XCConfigurationList;
			buildConfigurations = (
				053ACAF821DCF68A0099A871 /* Debug */,
				053ACAF921DCF68A0099A871 /* Release */,
			);
			defaultConfigurationIsVisible = 0;
			defaultConfigurationName = Release;
		};
		053ACAFA21DCF68A0099A871 /* Build configuration list for PBXNativeTarget "study001-导航栏背景随滑动渐变，往上缩小，往下放大效果" */ = {
			isa = XCConfigurationList;
			buildConfigurations = (
				053ACAFB21DCF68A0099A871 /* Debug */,
				053ACAFC21DCF68A0099A871 /* Release */,
			);
			defaultConfigurationIsVisible = 0;
			defaultConfigurationName = Release;
		};
		053ACAFD21DCF68A0099A871 /* Build configuration list for PBXNativeTarget "study001-导航栏背景随滑动渐变，往上缩小，往下放大效果Tests" */ = {
			isa = XCConfigurationList;
			buildConfigurations = (
				053ACAFE21DCF68A0099A871 /* Debug */,
				053ACAFF21DCF68A0099A871 /* Release */,
			);
			defaultConfigurationIsVisible = 0;
			defaultConfigurationName = Release;
		};
		053ACB0021DCF68A0099A871 /* Build configuration list for PBXNativeTarget "study001-导航栏背景随滑动渐变，往上缩小，往下放大效果UITests" */ = {
			isa = XCConfigurationList;
			buildConfigurations = (
				053ACB0121DCF68A0099A871 /* Debug */,
				053ACB0221DCF68A0099A871 /* Release */,
			);
			defaultConfigurationIsVisible = 0;
			defaultConfigurationName = Release;
		};
/* End XCConfigurationList section */
	};
	rootObject = 053ACACA21DCF6860099A871 /* Project object */;
}
